
Microsoft Visual Studio Solution File, Format Version 12.00
# Visual Studio 15
VisualStudioVersion = 15.0.27130.2026
MinimumVisualStudioVersion = 10.0.40219.1
Project("{FAE04EC0-301F-11D3-BF4B-00C04F79EFBC}") = "MyBackEnd", "MyBackEnd\MyBackEnd.csproj", "{3F978A87-C225-4143-8F14-B9A3D1B35CF2}"
EndProject
Project("{FAE04EC0-301F-11D3-BF4B-00C04F79EFBC}") = "MyBackEnd.Tests", "MyBackEnd.Tests\MyBackEnd.Tests.csproj", "{717C7A9D-4646-436D-8EC3-D5041C783D3B}"
EndProject
Global
	GlobalSection(SolutionConfigurationPlatforms) = preSolution
		Debug|Any CPU = Debug|Any CPU
		Release|Any CPU = Release|Any CPU
	EndGlobalSection
	GlobalSection(ProjectConfigurationPlatforms) = postSolution
		{3F978A87-C225-4143-8F14-B9A3D1B35CF2}.Debug|Any CPU.ActiveCfg = Debug|Any CPU
		{3F978A87-C225-4143-8F14-B9A3D1B35CF2}.Debug|Any CPU.Build.0 = Debug|Any CPU
		{3F978A87-C225-4143-8F14-B9A3D1B35CF2}.Release|Any CPU.ActiveCfg = Release|Any CPU
		{3F978A87-C225-4143-8F14-B9A3D1B35CF2}.Release|Any CPU.Build.0 = Release|Any CPU
		{717C7A9D-4646-436D-8EC3-D5041C783D3B}.Debug|Any CPU.ActiveCfg = Debug|Any CPU
		{717C7A9D-4646-436D-8EC3-D5041C783D3B}.Debug|Any CPU.Build.0 = Debug|Any CPU
		{717C7A9D-4646-436D-8EC3-D5041C783D3B}.Release|Any CPU.ActiveCfg = Release|Any CPU
		{717C7A9D-4646-436D-8EC3-D5041C783D3B}.Release|Any CPU.Build.0 = Release|Any CPU
	EndGlobalSection
	GlobalSection(SolutionProperties) = preSolution
		HideSolutionNode = FALSE
	EndGlobalSection
	GlobalSection(ExtensibilityGlobals) = postSolution
		SolutionGuid = {D1D4F21B-22BB-4AAA-B272-612573A8DFD1}
	EndGlobalSection
EndGlobal
